
Microsoft Visual Studio Solution File, Format Version 12.00
# Visual Studio Version 17
VisualStudioVersion = 17.5.33516.290
MinimumVisualStudioVersion = 10.0.40219.1
Project("{FAE04EC0-301F-11D3-BF4B-00C04F79EFBC}") = "ManageWO", "ManageWO.csproj", "{511A5DBB-A9D9-411B-88A4-21AD17E4F197}"
EndProject
Global
	GlobalSection(SolutionConfigurationPlatforms) = preSolution
		Debug|Any CPU = Debug|Any CPU
		Release|Any CPU = Release|Any CPU
	EndGlobalSection
	GlobalSection(ProjectConfigurationPlatforms) = postSolution
		{511A5DBB-A9D9-411B-88A4-21AD17E4F197}.Debug|Any CPU.ActiveCfg = Debug|Any CPU
		{511A5DBB-A9D9-411B-88A4-21AD17E4F197}.Debug|Any CPU.Build.0 = Debug|Any CPU
		{511A5DBB-A9D9-411B-88A4-21AD17E4F197}.Release|Any CPU.ActiveCfg = Release|Any CPU
		{511A5DBB-A9D9-411B-88A4-21AD17E4F197}.Release|Any CPU.Build.0 = Release|Any CPU
	EndGlobalSection
	GlobalSection(SolutionProperties) = preSolution
		HideSolutionNode = FALSE
	EndGlobalSection
	GlobalSection(ExtensibilityGlobals) = postSolution
		SolutionGuid = {78C15579-FA00-4698-8C15-D3A93C707965}
	EndGlobalSection
EndGlobal
